
Microsoft Visual Studio Solution File, Format Version 11.00
# Visual Studio 2010
Project("{FAE04EC0-301F-11D3-BF4B-00C04F79EFBC}") = "musiclands-code", "Assembly-CSharp-firstpass.csproj", "{28E654FC-5C96-6B71-F8BE-A6BECED21289}"
EndProject
Project("{FAE04EC0-301F-11D3-BF4B-00C04F79EFBC}") = "musiclands-code", "Assembly-CSharp.csproj", "{C18E5199-D951-746D-66FE-31CA1C7E346C}"
EndProject
Project("{FAE04EC0-301F-11D3-BF4B-00C04F79EFBC}") = "musiclands-code", "Assembly-CSharp-Editor-firstpass.csproj", "{DD3324FA-12A8-EB0B-B4A3-032694084A14}"
EndProject
Global
	GlobalSection(SolutionConfigurationPlatforms) = preSolution
		Debug|Any CPU = Debug|Any CPU
		Release|Any CPU = Release|Any CPU
	EndGlobalSection
	GlobalSection(ProjectConfigurationPlatforms) = postSolution
		{28E654FC-5C96-6B71-F8BE-A6BECED21289}.Debug|Any CPU.ActiveCfg = Debug|Any CPU
		{28E654FC-5C96-6B71-F8BE-A6BECED21289}.Debug|Any CPU.Build.0 = Debug|Any CPU
		{28E654FC-5C96-6B71-F8BE-A6BECED21289}.Release|Any CPU.ActiveCfg = Release|Any CPU
		{28E654FC-5C96-6B71-F8BE-A6BECED21289}.Release|Any CPU.Build.0 = Release|Any CPU
		{C18E5199-D951-746D-66FE-31CA1C7E346C}.Debug|Any CPU.ActiveCfg = Debug|Any CPU
		{C18E5199-D951-746D-66FE-31CA1C7E346C}.Debug|Any CPU.Build.0 = Debug|Any CPU
		{C18E5199-D951-746D-66FE-31CA1C7E346C}.Release|Any CPU.ActiveCfg = Release|Any CPU
		{C18E5199-D951-746D-66FE-31CA1C7E346C}.Release|Any CPU.Build.0 = Release|Any CPU
		{DD3324FA-12A8-EB0B-B4A3-032694084A14}.Debug|Any CPU.ActiveCfg = Debug|Any CPU
		{DD3324FA-12A8-EB0B-B4A3-032694084A14}.Debug|Any CPU.Build.0 = Debug|Any CPU
		{DD3324FA-12A8-EB0B-B4A3-032694084A14}.Release|Any CPU.ActiveCfg = Release|Any CPU
		{DD3324FA-12A8-EB0B-B4A3-032694084A14}.Release|Any CPU.Build.0 = Release|Any CPU
	EndGlobalSection
	GlobalSection(SolutionProperties) = preSolution
		HideSolutionNode = FALSE
	EndGlobalSection
	GlobalSection(MonoDevelopProperties) = preSolution
		StartupItem = Assembly-CSharp.csproj
	EndGlobalSection
EndGlobal
